
Microsoft Visual Studio Solution File, Format Version 12.00
# Visual Studio Version 17
VisualStudioVersion = 17.9.34607.119
MinimumVisualStudioVersion = 10.0.40219.1
Project("{FAE04EC0-301F-11D3-BF4B-00C04F79EFBC}") = "ACV.ConditionReports.API", "ACV.ConditionReports.API\ACV.ConditionReports.API.csproj", "{CF953A1A-E649-4326-B8B7-24FC496566D0}"
EndProject
Global
	GlobalSection(SolutionConfigurationPlatforms) = preSolution
		Debug|Any CPU = Debug|Any CPU
		Release|Any CPU = Release|Any CPU
	EndGlobalSection
	GlobalSection(ProjectConfigurationPlatforms) = postSolution
		{CF953A1A-E649-4326-B8B7-24FC496566D0}.Debug|Any CPU.ActiveCfg = Debug|Any CPU
		{CF953A1A-E649-4326-B8B7-24FC496566D0}.Debug|Any CPU.Build.0 = Debug|Any CPU
		{CF953A1A-E649-4326-B8B7-24FC496566D0}.Release|Any CPU.ActiveCfg = Release|Any CPU
		{CF953A1A-E649-4326-B8B7-24FC496566D0}.Release|Any CPU.Build.0 = Release|Any CPU
	EndGlobalSection
	GlobalSection(SolutionProperties) = preSolution
		HideSolutionNode = FALSE
	EndGlobalSection
	GlobalSection(ExtensibilityGlobals) = postSolution
		SolutionGuid = {02ED5A81-E135-4F25-8629-5AF91E20E1E2}
	EndGlobalSection
EndGlobal
